Microsoft Visual Studio Solution File, Format Version 12.00
# Visual Studio Version 17
VisualStudioVersion = 17.5.2.0
MinimumVisualStudioVersion = 10.0.40219.1
Project("{FAE04EC0-301F-11D3-BF4B-00C04F79EFBC}") = "lab-7-pig-latin-SpencerSolt", "lab-7-pig-latin-SpencerSolt.csproj", "{C9D82903-6BC2-AB0F-8498-771A69E9C1B9}"
EndProject
Global
	GlobalSection(SolutionConfigurationPlatforms) = preSolution
		Debug|Any CPU = Debug|Any CPU
		Release|Any CPU = Release|Any CPU
	EndGlobalSection
	GlobalSection(ProjectConfigurationPlatforms) = postSolution
		{C9D82903-6BC2-AB0F-8498-771A69E9C1B9}.Debug|Any CPU.ActiveCfg = Debug|Any CPU
		{C9D82903-6BC2-AB0F-8498-771A69E9C1B9}.Debug|Any CPU.Build.0 = Debug|Any CPU
		{C9D82903-6BC2-AB0F-8498-771A69E9C1B9}.Release|Any CPU.ActiveCfg = Release|Any CPU
		{C9D82903-6BC2-AB0F-8498-771A69E9C1B9}.Release|Any CPU.Build.0 = Release|Any CPU
	EndGlobalSection
	GlobalSection(SolutionProperties) = preSolution
		HideSolutionNode = FALSE
	EndGlobalSection
	GlobalSection(ExtensibilityGlobals) = postSolution
		SolutionGuid = {63B5D733-D474-41B1-8475-8E88AD578C9D}
	EndGlobalSection
EndGlobal
